
Microsoft Visual Studio Solution File, Format Version 12.00
# Visual Studio Version 17
VisualStudioVersion = 17.4.33205.214
MinimumVisualStudioVersion = 10.0.40219.1
Project("{FAE04EC0-301F-11D3-BF4B-00C04F79EFBC}") = "DotNetRedisSessionSample", "DotNetRedisSessionSample\DotNetRedisSessionSample.csproj", "{0DE1AC04-1413-4F5D-9164-A93B683B5B6E}"
EndProject
Project("{FAE04EC0-301F-11D3-BF4B-00C04F79EFBC}") = "DotNetRedisSessionSample.Lib", "DotNetRedisSessionSample.Lib\DotNetRedisSessionSample.Lib.csproj", "{4F0737AB-F5F9-489F-9F28-6E424762BB2C}"
EndProject
Global
	GlobalSection(SolutionConfigurationPlatforms) = preSolution
		Debug|Any CPU = Debug|Any CPU
		Release|Any CPU = Release|Any CPU
	EndGlobalSection
	GlobalSection(ProjectConfigurationPlatforms) = postSolution
		{0DE1AC04-1413-4F5D-9164-A93B683B5B6E}.Debug|Any CPU.ActiveCfg = Debug|Any CPU
		{0DE1AC04-1413-4F5D-9164-A93B683B5B6E}.Debug|Any CPU.Build.0 = Debug|Any CPU
		{0DE1AC04-1413-4F5D-9164-A93B683B5B6E}.Release|Any CPU.ActiveCfg = Release|Any CPU
		{0DE1AC04-1413-4F5D-9164-A93B683B5B6E}.Release|Any CPU.Build.0 = Release|Any CPU
		{4F0737AB-F5F9-489F-9F28-6E424762BB2C}.Debug|Any CPU.ActiveCfg = Debug|Any CPU
		{4F0737AB-F5F9-489F-9F28-6E424762BB2C}.Debug|Any CPU.Build.0 = Debug|Any CPU
		{4F0737AB-F5F9-489F-9F28-6E424762BB2C}.Release|Any CPU.ActiveCfg = Release|Any CPU
		{4F0737AB-F5F9-489F-9F28-6E424762BB2C}.Release|Any CPU.Build.0 = Release|Any CPU
	EndGlobalSection
	GlobalSection(SolutionProperties) = preSolution
		HideSolutionNode = FALSE
	EndGlobalSection
	GlobalSection(ExtensibilityGlobals) = postSolution
		SolutionGuid = {09BE59B4-2EE7-4E5C-A64A-11881D0EBF64}
	EndGlobalSection
EndGlobal
